// !$*UTF8*$!
{
	archiveVersion = 1;
	classes = {
	};
	objectVersion = 46;
	objects = {

/* Begin PBXBuildFile section */
		A76AB22D1A78A8C8004FD200 /* AppDelegate.swift in Sources */ = {isa = PBXBuildFile; fileRef = A76AB22C1A78A8C8004FD200 /* AppDelegate.swift */; };
		A76AB2301A78A8C8004FD200 /* Blog_Reader.xcdatamodeld in Sources */ = {isa = PBXBuildFile; fileRef = A76AB22E1A78A8C8004FD200 /* Blog_Reader.xcdatamodeld */; };
		A76AB2321A78A8C8004FD200 /* MasterViewController.swift in Sources */ = {isa = PBXBuildFile; fileRef = A76AB2311A78A8C8004FD200 /* MasterViewController.swift */; };
		A76AB2341A78A8C8004FD200 /* DetailViewController.swift in Sources */ = {isa = PBXBuildFile; fileRef = A76AB2331A78A8C8004FD200 /* DetailViewController.swift */; };
		A76AB2371A78A8C8004FD200 /* Main.storyboard in Resources */ = {isa = PBXBuildFile; fileRef = A76AB2351A78A8C8004FD200 /* Main.storyboard */; };
		A76AB2391A78A8C8004FD200 /* Images.xcassets in Resources */ = {isa = PBXBuildFile; fileRef = A76AB2381A78A8C8004FD200 /* Images.xcassets */; };
		A76AB23C1A78A8C8004FD200 /* LaunchScreen.xib in Resources */ = {isa = PBXBuildFile; fileRef = A76AB23A1A78A8C8004FD200 /* LaunchScreen.xib */; };
		A76AB2481A78A8C9004FD200 /* Blog_ReaderTests.swift in Sources */ = {isa = PBXBuildFile; fileRef = A76AB2471A78A8C9004FD200 /* Blog_ReaderTests.swift */; };
/* End PBXBuildFile section */

/* Begin PBXContainerItemProxy section */
		A76AB2421A78A8C9004FD200 /* PBXContainerItemProxy */ = {
			isa = PBXContainerItemProxy;
			containerPortal = A76AB21F1A78A8C8004FD200 /* Project object */;
			proxyType = 1;
			remoteGlobalIDString = A76AB2261A78A8C8004FD200;
			remoteInfo = "Blog Reader";
		};
/* End PBXContainerItemProxy section */

/* Begin PBXFileReference section */
		A76AB2271A78A8C8004FD200 /* Blog Reader.app */ = {isa = PBXFileReference; explicitFileType = wrapper.application; includeInIndex = 0; path = "Blog Reader.app"; sourceTree = BUILT_PRODUCTS_DIR; };
		A76AB22B1A78A8C8004FD200 /* Info.plist */ = {isa = PBXFileReference; lastKnownFileType = text.plist.xml; path = Info.plist; sourceTree = "<group>"; };
		A76AB22C1A78A8C8004FD200 /* AppDelegate.swift */ = {isa = PBXFileReference; lastKnownFileType = sourcecode.swift; path = AppDelegate.swift; sourceTree = "<group>"; };
		A76AB22F1A78A8C8004FD200 /* Blog_Reader.xcdatamodel */ = {isa = PBXFileReference; lastKnownFileType = wrapper.xcdatamodel; path = Blog_Reader.xcdatamodel; sourceTree = "<group>"; };
		A76AB2311A78A8C8004FD200 /* MasterViewController.swift */ = {isa = PBXFileReference; lastKnownFileType = sourcecode.swift; path = MasterViewController.swift; sourceTree = "<group>"; };
		A76AB2331A78A8C8004FD200 /* DetailViewController.swift */ = {isa = PBXFileReference; lastKnownFileType = sourcecode.swift; path = DetailViewController.swift; sourceTree = "<group>"; };
		A76AB2361A78A8C8004FD200 /* Base */ = {isa = PBXFileReference; lastKnownFileType = file.storyboard; name = Base; path = Base.lproj/Main.storyboard; sourceTree = "<group>"; };
		A76AB2381A78A8C8004FD200 /* Images.xcassets */ = {isa = PBXFileReference; lastKnownFileType = folder.assetcatalog; path = Images.xcassets; sourceTree = "<group>"; };
		A76AB23B1A78A8C8004FD200 /* Base */ = {isa = PBXFileReference; lastKnownFileType = file.xib; name = Base; path = Base.lproj/LaunchScreen.xib; sourceTree = "<group>"; };
		A76AB2411A78A8C9004FD200 /* Blog ReaderTests.xctest */ = {isa = PBXFileReference; explicitFileType = wrapper.cfbundle; includeInIndex = 0; path = "Blog ReaderTests.xctest"; sourceTree = BUILT_PRODUCTS_DIR; };
		A76AB2461A78A8C9004FD200 /* Info.plist */ = {isa = PBXFileReference; lastKnownFileType = text.plist.xml; path = Info.plist; sourceTree = "<group>"; };
		A76AB2471A78A8C9004FD200 /* Blog_ReaderTests.swift */ = {isa = PBXFileReference; lastKnownFileType = sourcecode.swift; path = Blog_ReaderTests.swift; sourceTree = "<group>"; };
/* End PBXFileReference section */

/* Begin PBXFrameworksBuildPhase section */
		A76AB2241A78A8C8004FD200 /* Frameworks */ = {
			isa = PBXFrameworksBuildPhase;
			buildActionMask = 2147483647;
			files = (
			);
			runOnlyForDeploymentPostprocessing = 0;
		};
		A76AB23E1A78A8C9004FD200 /* Frameworks */ = {
			isa = PBXFrameworksBuildPhase;
			buildActionMask = 2147483647;
			files = (
			);
			runOnlyForDeploymentPostprocessing = 0;
		};
/* End PBXFrameworksBuildPhase section */

/* Begin PBXGroup section */
		A76AB21E1A78A8C8004FD200 = {
			isa = PBXGroup;
			children = (
				A76AB2291A78A8C8004FD200 /* Blog Reader */,
				A76AB2441A78A8C9004FD200 /* Blog ReaderTests */,
				A76AB2281A78A8C8004FD200 /* Products */,
			);
			sourceTree = "<group>";
		};
		A76AB2281A78A8C8004FD200 /* Products */ = {
			isa = PBXGroup;
			children = (
				A76AB2271A78A8C8004FD200 /* Blog Reader.app */,
				A76AB2411A78A8C9004FD200 /* Blog ReaderTests.xctest */,
			);
			name = Products;
			sourceTree = "<group>";
		};
		A76AB2291A78A8C8004FD200 /* Blog Reader */ = {
			isa = PBXGroup;
			children = (
				A76AB22C1A78A8C8004FD200 /* AppDelegate.swift */,
				A76AB2311A78A8C8004FD200 /* MasterViewController.swift */,
				A76AB2331A78A8C8004FD200 /* DetailViewController.swift */,
				A76AB2351A78A8C8004FD200 /* Main.storyboard */,
				A76AB2381A78A8C8004FD200 /* Images.xcassets */,
				A76AB23A1A78A8C8004FD200 /* LaunchScreen.xib */,
				A76AB22E1A78A8C8004FD200 /* Blog_Reader.xcdatamodeld */,
				A76AB22A1A78A8C8004FD200 /* Supporting Files */,
			);
			path = "Blog Reader";
			sourceTree = "<group>";
		};
		A76AB22A1A78A8C8004FD200 /* Supporting Files */ = {
			isa = PBXGroup;
			children = (
				A76AB22B1A78A8C8004FD200 /* Info.plist */,
			);
			name = "Supporting Files";
			sourceTree = "<group>";
		};
		A76AB2441A78A8C9004FD200 /* Blog ReaderTests */ = {
			isa = PBXGroup;
			children = (
				A76AB2471A78A8C9004FD200 /* Blog_ReaderTests.swift */,
				A76AB2451A78A8C9004FD200 /* Supporting Files */,
			);
			path = "Blog ReaderTests";
			sourceTree = "<group>";
		};
		A76AB2451A78A8C9004FD200 /* Supporting Files */ = {
			isa = PBXGroup;
			children = (
				A76AB2461A78A8C9004FD200 /* Info.plist */,
			);
			name = "Supporting Files";
			sourceTree = "<group>";
		};
/* End PBXGroup section */

/* Begin PBXNativeTarget section */
		A76AB2261A78A8C8004FD200 /* Blog Reader */ = {
			isa = PBXNativeTarget;
			buildConfigurationList = A76AB24B1A78A8C9004FD200 /* Build configuration list for PBXNativeTarget "Blog Reader" */;
			buildPhases = (
				A76AB2231A78A8C8004FD200 /* Sources */,
				A76AB2241A78A8C8004FD200 /* Frameworks */,
				A76AB2251A78A8C8004FD200 /* Resources */,
			);
			buildRules = (
			);
			dependencies = (
			);
			name = "Blog Reader";
			productName = "Blog Reader";
			productReference = A76AB2271A78A8C8004FD200 /* Blog Reader.app */;
			productType = "com.apple.product-type.application";
		};
		A76AB2401A78A8C9004FD200 /* Blog ReaderTests */ = {
			isa = PBXNativeTarget;
			buildConfigurationList = A76AB24E1A78A8C9004FD200 /* Build configuration list for PBXNativeTarget "Blog ReaderTests" */;
			buildPhases = (
				A76AB23D1A78A8C9004FD200 /* Sources */,
				A76AB23E1A78A8C9004FD200 /* Frameworks */,
				A76AB23F1A78A8C9004FD200 /* Resources */,
			);
			buildRules = (
			);
			dependencies = (
				A76AB2431A78A8C9004FD200 /* PBXTargetDependency */,
			);
			name = "Blog ReaderTests";
			productName = "Blog ReaderTests";
			productReference = A76AB2411A78A8C9004FD200 /* Blog ReaderTests.xctest */;
			productType = "com.apple.product-type.bundle.unit-test";
		};
/* End PBXNativeTarget section */

/* Begin PBXProject section */
		A76AB21F1A78A8C8004FD200 /* Project object */ = {
			isa = PBXProject;
			attributes = {
				LastUpgradeCheck = 0610;
				ORGANIZATIONNAME = Yosemite;
				TargetAttributes = {
					A76AB2261A78A8C8004FD200 = {
						CreatedOnToolsVersion = 6.1.1;
					};
					A76AB2401A78A8C9004FD200 = {
						CreatedOnToolsVersion = 6.1.1;
						TestTargetID = A76AB2261A78A8C8004FD200;
					};
				};
			};
			buildConfigurationList = A76AB2221A78A8C8004FD200 /* Build configuration list for PBXProject "Blog Reader" */;
			compatibilityVersion = "Xcode 3.2";
			developmentRegion = English;
			hasScannedForEncodings = 0;
			knownRegions = (
				en,
				Base,
			);
			mainGroup = A76AB21E1A78A8C8004FD200;
			productRefGroup = A76AB2281A78A8C8004FD200 /* Products */;
			projectDirPath = "";
			projectRoot = "";
			targets = (
				A76AB2261A78A8C8004FD200 /* Blog Reader */,
				A76AB2401A78A8C9004FD200 /* Blog ReaderTests */,
			);
		};
/* End PBXProject section */

/* Begin PBXResourcesBuildPhase section */
		A76AB2251A78A8C8004FD200 /* Resources */ = {
			isa = PBXResourcesBuildPhase;
			buildActionMask = 2147483647;
			files = (
				A76AB2371A78A8C8004FD200 /* Main.storyboard in Resources */,
				A76AB23C1A78A8C8004FD200 /* LaunchScreen.xib in Resources */,
				A76AB2391A78A8C8004FD200 /* Images.xcassets in Resources */,
			);
			runOnlyForDeploymentPostprocessing = 0;
		};
		A76AB23F1A78A8C9004FD200 /* Resources */ = {
			isa = PBXResourcesBuildPhase;
			buildActionMask = 2147483647;
			files = (
			);
			runOnlyForDeploymentPostprocessing = 0;
		};
/* End PBXResourcesBuildPhase section */

/* Begin PBXSourcesBuildPhase section */
		A76AB2231A78A8C8004FD200 /* Sources */ = {
			isa = PBXSourcesBuildPhase;
			buildActionMask = 2147483647;
			files = (
				A76AB2301A78A8C8004FD200 /* Blog_Reader.xcdatamodeld in Sources */,
				A76AB22D1A78A8C8004FD200 /* AppDelegate.swift in Sources */,
				A76AB2321A78A8C8004FD200 /* MasterViewController.swift in Sources */,
				A76AB2341A78A8C8004FD200 /* DetailViewController.swift in Sources */,
			);
			runOnlyForDeploymentPostprocessing = 0;
		};
		A76AB23D1A78A8C9004FD200 /* Sources */ = {
			isa = PBXSourcesBuildPhase;
			buildActionMask = 2147483647;
			files = (
				A76AB2481A78A8C9004FD200 /* Blog_ReaderTests.swift in Sources */,
			);
			runOnlyForDeploymentPostprocessing = 0;
		};
/* End PBXSourcesBuildPhase section */

/* Begin PBXTargetDependency section */
		A76AB2431A78A8C9004FD200 /* PBXTargetDependency */ = {
			isa = PBXTargetDependency;
			target = A76AB2261A78A8C8004FD200 /* Blog Reader */;
			targetProxy = A76AB2421A78A8C9004FD200 /* PBXContainerItemProxy */;
		};
/* End PBXTargetDependency section */

/* Begin PBXVariantGroup section */
		A76AB2351A78A8C8004FD200 /* Main.storyboard */ = {
			isa = PBXVariantGroup;
			children = (
				A76AB2361A78A8C8004FD200 /* Base */,
			);
			name = Main.storyboard;
			sourceTree = "<group>";
		};
		A76AB23A1A78A8C8004FD200 /* LaunchScreen.xib */ = {
			isa = PBXVariantGroup;
			children = (
				A76AB23B1A78A8C8004FD200 /* Base */,
			);
			name = LaunchScreen.xib;
			sourceTree = "<group>";
		};
/* End PBXVariantGroup section */

/* Begin XCBuildConfiguration section */
		A76AB2491A78A8C9004FD200 /* Debug */ = {
			isa = XCBuildConfiguration;
			buildSettings = {
				ALWAYS_SEARCH_USER_PATHS = NO;
				CLANG_CXX_LANGUAGE_STANDARD = "gnu++0x";
				CLANG_CXX_LIBRARY = "libc++";
				CLANG_ENABLE_MODULES = YES;
				CLANG_ENABLE_OBJC_ARC = YES;
				CLANG_WARN_BOOL_CONVERSION = YES;
				CLANG_WARN_CONSTANT_CONVERSION = YES;
				CLANG_WARN_DIRECT_OBJC_ISA_USAGE = YES_ERROR;
				CLANG_WARN_EMPTY_BODY = YES;
				CLANG_WARN_ENUM_CONVERSION = YES;
				CLANG_WARN_INT_CONVERSION = YES;
				CLANG_WARN_OBJC_ROOT_CLASS = YES_ERROR;
				CLANG_WARN_UNREACHABLE_CODE = YES;
				CLANG_WARN__DUPLICATE_METHOD_MATCH = YES;
				"CODE_SIGN_IDENTITY[sdk=iphoneos*]" = "iPhone Developer";
				COPY_PHASE_STRIP = NO;
				ENABLE_STRICT_OBJC_MSGSEND = YES;
				GCC_C_LANGUAGE_STANDARD = gnu99;
				GCC_DYNAMIC_NO_PIC = NO;
				GCC_OPTIMIZATION_LEVEL = 0;
				GCC_PREPROCESSOR_DEFINITIONS = (
					"DEBUG=1",
					"$(inherited)",
				);
				GCC_SYMBOLS_PRIVATE_EXTERN = NO;
				GCC_WARN_64_TO_32_BIT_CONVERSION = YES;
				GCC_WARN_ABOUT_RETURN_TYPE = YES_ERROR;
				GCC_WARN_UNDECLARED_SELECTOR = YES;
				GCC_WARN_UNINITIALIZED_AUTOS = YES_AGGRESSIVE;
				GCC_WARN_UNUSED_FUNCTION = YES;
				GCC_WARN_UNUSED_VARIABLE = YES;
				IPHONEOS_DEPLOYMENT_TARGET = 8.1;
				MTL_ENABLE_DEBUG_INFO = YES;
				ONLY_ACTIVE_ARCH = YES;
				SDKROOT = iphoneos;
				SWIFT_OPTIMIZATION_LEVEL = "-Onone";
				TARGETED_DEVICE_FAMILY = "1,2";
			};
			name = Debug;
		};
		A76AB24A1A78A8C9004FD200 /* Release */ = {
			isa = XCBuildConfiguration;
			buildSettings = {
				ALWAYS_SEARCH_USER_PATHS = NO;
				CLANG_CXX_LANGUAGE_STANDARD = "gnu++0x";
				CLANG_CXX_LIBRARY = "libc++";
				CLANG_ENABLE_MODULES = YES;
				CLANG_ENABLE_OBJC_ARC = YES;
				CLANG_WARN_BOOL_CONVERSION = YES;
				CLANG_WARN_CONSTANT_CONVERSION = YES;
				CLANG_WARN_DIRECT_OBJC_ISA_USAGE = YES_ERROR;
				CLANG_WARN_EMPTY_BODY = YES;
				CLANG_WARN_ENUM_CONVERSION = YES;
				CLANG_WARN_INT_CONVERSION = YES;
				CLANG_WARN_OBJC_ROOT_CLASS = YES_ERROR;
				CLANG_WARN_UNREACHABLE_CODE = YES;
				CLANG_WARN__DUPLICATE_METHOD_MATCH = YES;
				"CODE_SIGN_IDENTITY[sdk=iphoneos*]" = "iPhone Developer";
				COPY_PHASE_STRIP = YES;
				ENABLE_NS_ASSERTIONS = NO;
				ENABLE_STRICT_OBJC_MSGSEND = YES;
				GCC_C_LANGUAGE_STANDARD = gnu99;
				GCC_WARN_64_TO_32_BIT_CONVERSION = YES;
				GCC_WARN_ABOUT_RETURN_TYPE = YES_ERROR;
				GCC_WARN_UNDECLARED_SELECTOR = YES;
				GCC_WARN_UNINITIALIZED_AUTOS = YES_AGGRESSIVE;
				GCC_WARN_UNUSED_FUNCTION = YES;
				GCC_WARN_UNUSED_VARIABLE = YES;
				IPHONEOS_DEPLOYMENT_TARGET = 8.1;
				MTL_ENABLE_DEBUG_INFO = NO;
				SDKROOT = iphoneos;
				TARGETED_DEVICE_FAMILY = "1,2";
				VALIDATE_PRODUCT = YES;
			};
			name = Release;
		};
		A76AB24C1A78A8C9004FD200 /* Debug */ = {
			isa = XCBuildConfiguration;
			buildSettings = {
				ASSETCATALOG_COMPILER_APPICON_NAME = AppIcon;
				INFOPLIST_FILE = "Blog Reader/Info.plist";
				LD_RUNPATH_SEARCH_PATHS = "$(inherited) @executable_path/Frameworks";
				PRODUCT_NAME = "$(TARGET_NAME)";
			};
			name = Debug;
		};
		A76AB24D1A78A8C9004FD200 /* Release */ = {
			isa = XCBuildConfiguration;
			buildSettings = {
				ASSETCATALOG_COMPILER_APPICON_NAME = AppIcon;
				INFOPLIST_FILE = "Blog Reader/Info.plist";
				LD_RUNPATH_SEARCH_PATHS = "$(inherited) @executable_path/Frameworks";
				PRODUCT_NAME = "$(TARGET_NAME)";
			};
			name = Release;
		};
		A76AB24F1A78A8C9004FD200 /* Debug */ = {
			isa = XCBuildConfiguration;
			buildSettings = {
				BUNDLE_LOADER = "$(TEST_HOST)";
				FRAMEWORK_SEARCH_PATHS = (
					"$(SDKROOT)/Developer/Library/Frameworks",
					"$(inherited)",
				);
				GCC_PREPROCESSOR_DEFINITIONS = (
					"DEBUG=1",
					"$(inherited)",
				);
				INFOPLIST_FILE = "Blog ReaderTests/Info.plist";
				LD_RUNPATH_SEARCH_PATHS = "$(inherited) @executable_path/Frameworks @loader_path/Frameworks";
				PRODUCT_NAME = "$(TARGET_NAME)";
				TEST_HOST = "$(BUILT_PRODUCTS_DIR)/Blog Reader.app/Blog Reader";
			};
			name = Debug;
		};
		A76AB2501A78A8C9004FD200 /* Release */ = {
			isa = XCBuildConfiguration;
			buildSettings = {
				BUNDLE_LOADER = "$(TEST_HOST)";
				FRAMEWORK_SEARCH_PATHS = (
					"$(SDKROOT)/Developer/Library/Frameworks",
					"$(inherited)",
				);
				INFOPLIST_FILE = "Blog ReaderTests/Info.plist";
				LD_RUNPATH_SEARCH_PATHS = "$(inherited) @executable_path/Frameworks @loader_path/Frameworks";
				PRODUCT_NAME = "$(TARGET_NAME)";
				TEST_HOST = "$(BUILT_PRODUCTS_DIR)/Blog Reader.app/Blog Reader";
			};
			name = Release;
		};
/* End XCBuildConfiguration section */

/* Begin XCConfigurationList section */
		A76AB2221A78A8C8004FD200 /* Build configuration list for PBXProject "Blog Reader" */ = {
			isa = XCConfigurationList;
			buildConfigurations = (
				A76AB2491A78A8C9004FD200 /* Debug */,
				A76AB24A1A78A8C9004FD200 /* Release */,
			);
			defaultConfigurationIsVisible = 0;
			defaultConfigurationName = Release;
		};
		A76AB24B1A78A8C9004FD200 /* Build configuration list for PBXNativeTarget "Blog Reader" */ = {
			isa = XCConfigurationList;
			buildConfigurations = (
				A76AB24C1A78A8C9004FD200 /* Debug */,
				A76AB24D1A78A8C9004FD200 /* Release */,
			);
			defaultConfigurationIsVisible = 0;
		};
		A76AB24E1A78A8C9004FD200 /* Build configuration list for PBXNativeTarget "Blog ReaderTests" */ = {
			isa = XCConfigurationList;
			buildConfigurations = (
				A76AB24F1A78A8C9004FD200 /* Debug */,
				A76AB2501A78A8C9004FD200 /* Release */,
			);
			defaultConfigurationIsVisible = 0;
		};
/* End XCConfigurationList section */

/* Begin XCVersionGroup section */
		A76AB22E1A78A8C8004FD200 /* Blog_Reader.xcdatamodeld */ = {
			isa = XCVersionGroup;
			children = (
				A76AB22F1A78A8C8004FD200 /* Blog_Reader.xcdatamodel */,
			);
			currentVersion = A76AB22F1A78A8C8004FD200 /* Blog_Reader.xcdatamodel */;
			path = Blog_Reader.xcdatamodeld;
			sourceTree = "<group>";
			versionGroupType = wrapper.xcdatamodel;
		};
/* End XCVersionGroup section */
	};
	rootObject = A76AB21F1A78A8C8004FD200 /* Project object */;
}
